# This file is automatically @generated by Cargo.
# It is not intended for manual editing.
version = 3

[[package]]
name = "aho-corasick"
version = "1.1.4"
source = "registry+https://github.com/rust-lang/crates.io-index"
checksum = "ddd31a130427c27518df266943a5308ed92d4b226cc639f5a8f1002816174301"
dependencies = [
 "memchr",
]

[[package]]
name = "alloca"
version = "0.4.0"
source = "registry+https://github.com/rust-lang/crates.io-index"
checksum = "e5a7d05ea6aea7e9e64d25b9156ba2fee3fdd659e34e41063cd2fc7cd020d7f4"
dependencies = [
 "cc",
]

[[package]]
name = "anes"
version = "0.1.6"
source = "registry+https://github.com/rust-lang/crates.io-index"
checksum = "4b46cbb362ab8752921c97e041f5e366ee6297bd428a31275b9fcf1e380f7299"

[[package]]
name = "anstream"
version = "1.0.0"
source = "registry+https://github.com/rust-lang/crates.io-index"
checksum = "824a212faf96e9acacdbd09febd34438f8f711fb84e09a8916013cd7815ca28d"
dependencies = [
 "anstyle",
 "anstyle-parse",
 "anstyle-query",
 "anstyle-wincon",
 "colorchoice",
 "is_terminal_polyfill",
 "utf8parse",
]

[[package]]
name = "anstyle"
version = "1.0.14"
source = "registry+https://github.com/rust-lang/crates.io-index"
checksum = "940b3a0ca603d1eade50a4846a2afffd5ef57a9feac2c0e2ec2e14f9ead76000"

[[package]]
name = "anstyle-parse"
version = "1.0.0"
source = "registry+https://github.com/rust-lang/crates.io-index"
checksum = "52ce7f38b242319f7cabaa6813055467063ecdc9d355bbb4ce0c68908cd8130e"
dependencies = [
 "utf8parse",
]

[[package]]
name = "anstyle-query"
version = "1.1.5"
source = "registry+https://github.com/rust-lang/crates.io-index"
checksum = "40c48f72fd53cd289104fc64099abca73db4166ad86ea0b4341abe65af83dadc"
dependencies = [
 "windows-sys",
]

[[package]]
name = "anstyle-wincon"
version = "3.0.11"
source = "registry+https://github.com/rust-lang/crates.io-index"
checksum = "291e6a250ff86cd4a820112fb8898808a366d8f9f58ce16d1f538353ad55747d"
dependencies = [
 "anstyle",
 "once_cell_polyfill",
 "windows-sys",
]

[[package]]
name = "assert_fs"
version = "1.1.4"
source = "registry+https://github.com/rust-lang/crates.io-index"
checksum = "6ecf5c70ca07b7f80220bce936f0556a960ca6fb00fc2bd4125b5e581b218137"
dependencies = [
 "anstyle",
 "globwalk",
 "predicates",
 "predicates-core",
 "predicates-tree",
 "tempfile",
]

[[package]]
name = "autocfg"
version = "1.5.1"
source = "registry+https://github.com/rust-lang/crates.io-index"
checksum = "f2032f911046de80f0a198e0901378627c33f59ea0ac00e363d481118bd70a53"

[[package]]
name = "bitflags"
version = "1.3.2"
source = "registry+https://github.com/rust-lang/crates.io-index"
checksum = "bef38d45163c2f1dde094a7dfd33ccf595c92905c8f8f4fdc18d06fb1037718a"

[[package]]
name = "bitflags"
version = "2.13.0"
source = "registry+https://github.com/rust-lang/crates.io-index"
checksum = "b4388bee8683e3d04af747c73422af53102d2bd24d9eadb6cbc100baef4b43f8"

[[package]]
name = "bstr"
version = "1.12.1"
source = "registry+https://github.com/rust-lang/crates.io-index"
checksum = "63044e1ae8e69f3b5a92c736ca6269b8d12fa7efe39bf34ddb06d102cf0e2cab"
dependencies = [
 "memchr",
 "serde",
]

[[package]]
name = "bumpalo"
version = "3.19.0"
source = "registry+https://github.com/rust-lang/crates.io-index"
checksum = "46c5e41b57b8bba42a04676d81cb89e9ee8e859a1a66f80a5a72e1cb76b34d43"

[[package]]
name = "cast"
version = "0.3.0"
source = "registry+https://github.com/rust-lang/crates.io-index"
checksum = "37b2a672a2cb129a2e41c10b1224bb368f9f37a2b16b612598138befd7b37eb5"

[[package]]
name = "cc"
version = "1.2.65"
source = "registry+https://github.com/rust-lang/crates.io-index"
checksum = "e228eec9be7c17ccb640b59b36a5cd805ea2a564a4c5e162c2f659fea30d3b96"
dependencies = [
 "find-msvc-tools",
 "shlex",
]

[[package]]
name = "cfg-if"
version = "1.0.4"
source = "registry+https://github.com/rust-lang/crates.io-index"
checksum = "9330f8b2ff13f34540b44e946ef35111825727b38d33286ef986142615121801"

[[package]]
name = "ciborium"
version = "0.2.2"
source = "registry+https://github.com/rust-lang/crates.io-index"
checksum = "42e69ffd6f0917f5c029256a24d0161db17cea3997d185db0d35926308770f0e"
dependencies = [
 "ciborium-io",
 "ciborium-ll",
 "serde",
]

[[package]]
name = "ciborium-io"
version = "0.2.2"
source = "registry+https://github.com/rust-lang/crates.io-index"
checksum = "05afea1e0a06c9be33d539b876f1ce3692f4afea2cb41f740e7743225ed1c757"

[[package]]
name = "ciborium-ll"
version = "0.2.2"
source = "registry+https://github.com/rust-lang/crates.io-index"
checksum = "57663b653d948a338bfb3eeba9bb2fd5fcfaecb9e199e87e1eda4d9e8b240fd9"
dependencies = [
 "ciborium-io",
 "half",
]

[[package]]
name = "clap"
version = "4.6.6"
source = "registry+https://github.com/rust-lang/crates.io-index"
checksum = "473c7e07f409a8d772161724aa8db6a765a2532a70f9667eeb7b49d3d02fbdca"
dependencies = [
 "clap_builder",
]

[[package]]
name = "clap_builder"
version = "4.6.6"
source = "registry+https://github.com/rust-lang/crates.io-index"
checksum = "7b48fea5a88e9ae728a2dcbedbfc0e730f7d60da42e1cb049a83c9fb8b789889"
dependencies = [
 "anstream",
 "anstyle",
 "clap_lex",
 "strsim",
]

[[package]]
name = "clap_lex"
version = "1.1.0"
source = "registry+https://github.com/rust-lang/crates.io-index"
checksum = "c8d4a3bb8b1e0c1050499d1815f5ab16d04f0959b233085fb31653fbfc9d98f9"

[[package]]
name = "colorchoice"
version = "1.0.5"
source = "registry+https://github.com/rust-lang/crates.io-index"
checksum = "1d07550c9036bf2ae0c684c4297d503f838287c83c53686d05370d0e139ae570"

[[package]]
name = "console"
version = "0.16.4"
source = "registry+https://github.com/rust-lang/crates.io-index"
checksum = "4fe5f465a4f6fee88fad41b85d990f84c835335e85b5d9e6e63e0d06d28cba7c"
dependencies = [
 "encode_unicode",
 "libc",
 "unicode-width",
 "windows-sys",
]

[[package]]
name = "criterion"
version = "0.8.2"
source = "registry+https://github.com/rust-lang/crates.io-index"
checksum = "950046b2aa2492f9a536f5f4f9a3de7b9e2476e575e05bd6c333371add4d98f3"
dependencies = [
 "alloca",
 "anes",
 "cast",
 "ciborium",
 "clap",
 "criterion-plot",
 "itertools",
 "num-traits",
 "oorandom",
 "page_size",
 "plotters",
 "rayon",
 "regex",
 "serde",
 "serde_json",
 "tinytemplate",
 "walkdir",
]

[[package]]
name = "criterion-plot"
version = "0.8.2"
source = "registry+https://github.com/rust-lang/crates.io-index"
checksum = "d8d80a2f4f5b554395e47b5d8305bc3d27813bacb73493eb1001e8f76dae29ea"
dependencies = [
 "cast",
 "itertools",
]

[[package]]
name = "crossbeam-deque"
version = "0.8.6"
source = "registry+https://github.com/rust-lang/crates.io-index"
checksum = "9dd111b7b7f7d55b72c0a6ae361660ee5853c9af73f70c3c2ef6858b950e2e51"
dependencies = [
 "crossbeam-epoch",
 "crossbeam-utils",
]

[[package]]
name = "crossbeam-epoch"
version = "0.9.20"
source = "registry+https://github.com/rust-lang/crates.io-index"
checksum = "2d6914041f254d6e9176c01941b21115dcfb7089e55135a35411081bd106ef3f"
dependencies = [
 "crossbeam-utils",
]

[[package]]
name = "crossbeam-utils"
version = "0.8.21"
source = "registry+https://github.com/rust-lang/crates.io-index"
checksum = "d0a5c400df2834b80a4c3327b3aad3a4c4cd4de0629063962b03235697506a28"

[[package]]
name = "crunchy"
version = "0.2.4"
source = "registry+https://github.com/rust-lang/crates.io-index"
checksum = "460fbee9c2c2f33933d720630a6a0bac33ba7053db5344fac858d4b8952d77d5"

[[package]]
name = "defmt"
version = "1.1.0"
source = "registry+https://github.com/rust-lang/crates.io-index"
checksum = "a6e524506490a1953d237cb87b1cfc1e46f88c18f10a22dfe0f507dc6bfc7f7f"
dependencies = [
 "bitflags 1.3.2",
 "defmt-macros",
]

[[package]]
name = "defmt-macros"
version = "1.1.0"
source = "registry+https://github.com/rust-lang/crates.io-index"
checksum = "f0a27770e9c8f719a79d8b638281f4d828f77d8fd61e0bd94451b9b85e576a0b"
dependencies = [
 "defmt-parser",
 "proc-macro-error2",
 "proc-macro2",
 "quote",
 "syn 2.0.118",
]

[[package]]
name = "defmt-parser"
version = "1.0.0"
source = "registry+https://github.com/rust-lang/crates.io-index"
checksum = "10d60334b3b2e7c9d91ef8150abfb6fa4c1c39ebbcf4a81c2e346aad939fee3e"
dependencies = [
 "thiserror",
]

[[package]]
name = "deranged"
version = "0.5.8"
source = "registry+https://github.com/rust-lang/crates.io-index"
checksum = "7cd812cc2bc1d69d4764bd80df88b4317eaef9e773c75226407d9bc0876b211c"
dependencies = [
 "serde_core",
]

[[package]]
name = "diff"
version = "0.1.13"
source = "registry+https://github.com/rust-lang/crates.io-index"
checksum = "56254986775e3233ffa9c4d7d3faaf6d36a2c09d30b20687e9f88bc8bafc16c8"

[[package]]
name = "difflib"
version = "0.4.0"
source = "registry+https://github.com/rust-lang/crates.io-index"
checksum = "6184e33543162437515c2e2b48714794e37845ec9851711914eec9d308f6ebe8"

[[package]]
name = "displaydoc"
version = "0.2.6"
source = "registry+https://github.com/rust-lang/crates.io-index"
checksum = "1ac70aa55017e108007fbaf5aa0f54b021c98f92ff8af59d42eda9da96e3dd4f"
dependencies = [
 "proc-macro2",
 "quote",
 "syn 2.0.118",
]

[[package]]
name = "dtt"
version = "0.0.11"
source = "registry+https://github.com/rust-lang/crates.io-index"
checksum = "d3ad961df245c82bc67098f5bd69640d3194a081df8f0f5df1f017db4a05292a"
dependencies = [
 "pastey",
 "serde",
 "serde_json",
 "thiserror",
 "time",
 "version_check",
]

[[package]]
name = "either"
version = "1.16.0"
source = "registry+https://github.com/rust-lang/crates.io-index"
checksum = "91622ff5e7162018101f2fea40d6ebf4a78bbe5a49736a2020649edf9693679e"

[[package]]
name = "encode_unicode"
version = "1.0.0"
source = "registry+https://github.com/rust-lang/crates.io-index"
checksum = "34aa73646ffb006b8f5147f3dc182bd4bcb190227ce861fc4a4844bf8e3cb2c0"

[[package]]
name = "env_filter"
version = "2.0.0"
source = "registry+https://github.com/rust-lang/crates.io-index"
checksum = "900d271a03799a1ee8d1ca9b19893b48ca674a9284fefcfb85f05e74ed314217"
dependencies = [
 "log",
 "regex",
]

[[package]]
name = "env_logger"
version = "0.11.11"
source = "registry+https://github.com/rust-lang/crates.io-index"
checksum = "de671bd27a75a797dc9ae289ba1e77276e75e2026408aab65185384e2d5cd3f6"
dependencies = [
 "anstream",
 "anstyle",
 "env_filter",
 "jiff",
 "log",
]

[[package]]
name = "errno"
version = "0.3.14"
source = "registry+https://github.com/rust-lang/crates.io-index"
checksum = "39cab71617ae0d63f51a36d69f866391735b51691dbda63cf6f96d042b63efeb"
dependencies = [
 "libc",
 "windows-sys",
]

[[package]]
name = "euxis-commons"
version = "0.0.2"
source = "registry+https://github.com/rust-lang/crates.io-index"
checksum = "5cc1cf9c4720703ea04d9eb4a191ac8e43b597805742e102fb7eaa4d9c3f5b27"
dependencies = [
 "thiserror",
]

[[package]]
name = "fastrand"
version = "2.4.1"
source = "registry+https://github.com/rust-lang/crates.io-index"
checksum = "9f1f227452a390804cdb637b74a86990f2a7d7ba4b7d5693aac9b4dd6defd8d6"

[[package]]
name = "find-msvc-tools"
version = "0.1.9"
source = "registry+https://github.com/rust-lang/crates.io-index"
checksum = "5baebc0774151f905a1a2cc41989300b1e6fbb29aff0ceffa1064fdd3088d582"

[[package]]
name = "float-cmp"
version = "0.10.0"
source = "registry+https://github.com/rust-lang/crates.io-index"
checksum = "b09cf3155332e944990140d967ff5eceb70df778b34f77d8075db46e4704e6d8"
dependencies = [
 "num-traits",
]

[[package]]
name = "form_urlencoded"
version = "1.2.2"
source = "registry+https://github.com/rust-lang/crates.io-index"
checksum = "cb4cb245038516f5f85277875cdaa4f7d2c9a0fa0468de06ed190163b1581fcf"
dependencies = [
 "percent-encoding",
]

[[package]]
name = "futures-core"
version = "0.3.32"
source = "registry+https://github.com/rust-lang/crates.io-index"
checksum = "7e3450815272ef58cec6d564423f6e755e25379b217b0bc688e295ba24df6b1d"

[[package]]
name = "futures-task"
version = "0.3.32"
source = "registry+https://github.com/rust-lang/crates.io-index"
checksum = "037711b3d59c33004d3856fbdc83b99d4ff37a24768fa1be9ce3538a1cde4393"

[[package]]
name = "futures-util"
version = "0.3.32"
source = "registry+https://github.com/rust-lang/crates.io-index"
checksum = "389ca41296e6190b48053de0321d02a77f32f8a5d2461dd38762c0593805c6d6"
dependencies = [
 "futures-core",
 "futures-task",
 "pin-project-lite",
 "slab",
]

[[package]]
name = "getrandom"
version = "0.4.3"
source = "registry+https://github.com/rust-lang/crates.io-index"
checksum = "300e883d756b2e4ec94e02791f39b04b522276138852cfc41d9fb7e904106099"
dependencies = [
 "cfg-if",
 "libc",
 "r-efi",
]

[[package]]
name = "globset"
version = "0.4.18"
source = "registry+https://github.com/rust-lang/crates.io-index"
checksum = "52dfc19153a48bde0cbd630453615c8151bce3a5adfac7a0aebfbf0a1e1f57e3"
dependencies = [
 "aho-corasick",
 "bstr",
 "log",
 "regex-automata",
 "regex-syntax",
]

[[package]]
name = "globwalk"
version = "0.9.1"
source = "registry+https://github.com/rust-lang/crates.io-index"
checksum = "0bf760ebf69878d9fd8f110c89703d90ce35095324d1f1edcb595c63945ee757"
dependencies = [
 "bitflags 2.13.0",
 "ignore",
 "walkdir",
]

[[package]]
name = "half"
version = "2.7.1"
source = "registry+https://github.com/rust-lang/crates.io-index"
checksum = "6ea2d84b969582b4b1864a92dc5d27cd2b77b622a8d79306834f1be5ba20d84b"
dependencies = [
 "cfg-if",
 "crunchy",
 "zerocopy",
]

[[package]]
name = "icu_collections"
version = "2.2.0"
source = "registry+https://github.com/rust-lang/crates.io-index"
checksum = "2984d1cd16c883d7935b9e07e44071dca8d917fd52ecc02c04d5fa0b5a3f191c"
dependencies = [
 "displaydoc",
 "potential_utf",
 "utf8_iter",
 "yoke",
 "zerofrom",
 "zerovec",
]

[[package]]
name = "icu_locale_core"
version = "2.2.0"
source = "registry+https://github.com/rust-lang/crates.io-index"
checksum = "92219b62b3e2b4d88ac5119f8904c10f8f61bf7e95b640d25ba3075e6cac2c29"
dependencies = [
 "displaydoc",
 "litemap",
 "tinystr",
 "writeable",
 "zerovec",
]

[[package]]
name = "icu_normalizer"
version = "2.2.0"
source = "registry+https://github.com/rust-lang/crates.io-index"
checksum = "c56e5ee99d6e3d33bd91c5d85458b6005a22140021cc324cea84dd0e72cff3b4"
dependencies = [
 "icu_collections",
 "icu_normalizer_data",
 "icu_properties",
 "icu_provider",
 "smallvec",
 "zerovec",
]

[[package]]
name = "icu_normalizer_data"
version = "2.2.0"
source = "registry+https://github.com/rust-lang/crates.io-index"
checksum = "da3be0ae77ea334f4da67c12f149704f19f81d1adf7c51cf482943e84a2bad38"

[[package]]
name = "icu_properties"
version = "2.2.0"
source = "registry+https://github.com/rust-lang/crates.io-index"
checksum = "bee3b67d0ea5c2cca5003417989af8996f8604e34fb9ddf96208a033901e70de"
dependencies = [
 "icu_collections",
 "icu_locale_core",
 "icu_properties_data",
 "icu_provider",
 "zerotrie",
 "zerovec",
]

[[package]]
name = "icu_properties_data"
version = "2.2.0"
source = "registry+https://github.com/rust-lang/crates.io-index"
checksum = "8e2bbb201e0c04f7b4b3e14382af113e17ba4f63e2c9d2ee626b720cbce54a14"

[[package]]
name = "icu_provider"
version = "2.2.0"
source = "registry+https://github.com/rust-lang/crates.io-index"
checksum = "139c4cf31c8b5f33d7e199446eff9c1e02decfc2f0eec2c8d71f65befa45b421"
dependencies = [
 "displaydoc",
 "icu_locale_core",
 "writeable",
 "yoke",
 "zerofrom",
 "zerotrie",
 "zerovec",
]

[[package]]
name = "idna"
version = "1.1.0"
source = "registry+https://github.com/rust-lang/crates.io-index"
checksum = "3b0875f23caa03898994f6ddc501886a45c7d3d62d04d2d90788d47be1b1e4de"
dependencies = [
 "idna_adapter",
 "smallvec",
 "utf8_iter",
]

[[package]]
name = "idna_adapter"
version = "1.2.2"
source = "registry+https://github.com/rust-lang/crates.io-index"
checksum = "cb68373c0d6620ef8105e855e7745e18b0d00d3bdb07fb532e434244cdb9a714"
dependencies = [
 "icu_normalizer",
 "icu_properties",
]

[[package]]
name = "ignore"
version = "0.4.26"
source = "registry+https://github.com/rust-lang/crates.io-index"
checksum = "b915661dd01db3f05050265b2477bcc6527b3792388e2749b41623cc592be67d"
dependencies = [
 "crossbeam-deque",
 "globset",
 "log",
 "memchr",
 "regex-automata",
 "same-file",
 "walkdir",
 "winapi-util",
]

[[package]]
name = "indicatif"
version = "0.18.6"
source = "registry+https://github.com/rust-lang/crates.io-index"
checksum = "9433806cd6b4ec1aba79c021c7e4c58fb4c3b9977c085062e611ac929998fb0c"
dependencies = [
 "console",
 "portable-atomic",
 "unicode-width",
 "unit-prefix",
 "web-time",
]

[[package]]
name = "is_terminal_polyfill"
version = "1.70.2"
source = "registry+https://github.com/rust-lang/crates.io-index"
checksum = "a6cb138bb79a146c1bd460005623e142ef0181e3d0219cb493e02f7d08a35695"

[[package]]
name = "itertools"
version = "0.13.0"
source = "registry+https://github.com/rust-lang/crates.io-index"
checksum = "413ee7dfc52ee1a4949ceeb7dbc8a33f2d6c088194d9f922fb8318faf1f01186"
dependencies = [
 "either",
]

[[package]]
name = "itoa"
version = "1.0.18"
source = "registry+https://github.com/rust-lang/crates.io-index"
checksum = "8f42a60cbdf9a97f5d2305f08a87dc4e09308d1276d28c869c684d7777685682"

[[package]]
name = "jiff"
version = "0.2.29"
source = "registry+https://github.com/rust-lang/crates.io-index"
checksum = "34f877a98676d2fb664698d74cc6a51ce6c484ce8c770f05d0108ec9090aeb46"
dependencies = [
 "defmt",
 "jiff-static",
 "log",
 "portable-atomic",
 "portable-atomic-util",
 "serde_core",
]

[[package]]
name = "jiff-static"
version = "0.2.29"
source = "registry+https://github.com/rust-lang/crates.io-index"
checksum = "0666b5ab5ecaca213fc2a85b8c0083d9004e84ee2d5f9a7e0017aaf50986f25f"
dependencies = [
 "proc-macro2",
 "quote",
 "syn 2.0.118",
]

[[package]]
name = "js-sys"
version = "0.3.102"
source = "registry+https://github.com/rust-lang/crates.io-index"
checksum = "03d04c30968dffe80775bd4d7fb676131cd04a1fb46d2686dbffbaec2d9dfd31"
dependencies = [
 "cfg-if",
 "futures-util",
 "wasm-bindgen",
]

[[package]]
name = "lazy_static"
version = "1.5.0"
source = "registry+https://github.com/rust-lang/crates.io-index"
checksum = "bbd2bcb4c963f2ddae06a2efc7e9f3591312473c50c6685e1f298068316e66fe"

[[package]]
name = "libc"
version = "0.2.186"
source = "registry+https://github.com/rust-lang/crates.io-index"
checksum = "68ab91017fe16c622486840e4c83c9a37afeff978bd239b5293d61ece587de66"

[[package]]
name = "linux-raw-sys"
version = "0.12.1"
source = "registry+https://github.com/rust-lang/crates.io-index"
checksum = "32a66949e030da00e8c7d4434b251670a91556f4144941d37452769c25d58a53"

[[package]]
name = "litemap"
version = "0.8.2"
source = "registry+https://github.com/rust-lang/crates.io-index"
checksum = "92daf443525c4cce67b150400bc2316076100ce0b3686209eb8cf3c31612e6f0"

[[package]]
name = "log"
version = "0.4.34"
source = "registry+https://github.com/rust-lang/crates.io-index"
checksum = "f9f8bd3e56ce4dfc153cf470fffbfa98c7620958b312ca5c3a4b8d5181fd13c6"

[[package]]
name = "memchr"
version = "2.8.2"
source = "registry+https://github.com/rust-lang/crates.io-index"
checksum = "88904434abc2901f197fe8cc55f0445e7ded921dba5911dad2e2b39b48e663c4"

[[package]]
name = "normalize-line-endings"
version = "0.3.0"
source = "registry+https://github.com/rust-lang/crates.io-index"
checksum = "61807f77802ff30975e01f4f071c8ba10c022052f98b3294119f3e615d13e5be"

[[package]]
name = "num-conv"
version = "0.2.2"
source = "registry+https://github.com/rust-lang/crates.io-index"
checksum = "521739c6d2bac4aa25192232afe6841231376b2b26d4d9fae5ecf8ca5772e441"

[[package]]
name = "num-traits"
version = "0.2.19"
source = "registry+https://github.com/rust-lang/crates.io-index"
checksum = "071dfc062690e90b734c0b2273ce72ad0ffa95f0c74596bc250dcfd960262841"
dependencies = [
 "autocfg",
]

[[package]]
name = "once_cell"
version = "1.21.4"
source = "registry+https://github.com/rust-lang/crates.io-index"
checksum = "9f7c3e4beb33f85d45ae3e3a1792185706c8e16d043238c593331cc7cd313b50"

[[package]]
name = "once_cell_polyfill"
version = "1.70.2"
source = "registry+https://github.com/rust-lang/crates.io-index"
checksum = "384b8ab6d37215f3c5301a95a4accb5d64aa607f1fcb26a11b5303878451b4fe"

[[package]]
name = "oorandom"
version = "11.1.5"
source = "registry+https://github.com/rust-lang/crates.io-index"
checksum = "d6790f58c7ff633d8771f42965289203411a5e5c68388703c06e14f24770b41e"

[[package]]
name = "page_size"
version = "0.6.0"
source = "registry+https://github.com/rust-lang/crates.io-index"
checksum = "30d5b2194ed13191c1999ae0704b7839fb18384fa22e49b57eeaa97d79ce40da"
dependencies = [
 "libc",
 "winapi",
]

[[package]]
name = "pastey"
version = "0.2.3"
source = "registry+https://github.com/rust-lang/crates.io-index"
checksum = "2ee67f1008b1ba2321834326597b8e186293b049a023cdef258527550b9935b4"

[[package]]
name = "percent-encoding"
version = "2.3.2"
source = "registry+https://github.com/rust-lang/crates.io-index"
checksum = "9b4f627cb1b25917193a259e49bdad08f671f8d9708acfd5fe0a8c1455d87220"

[[package]]
name = "pin-project-lite"
version = "0.2.17"
source = "registry+https://github.com/rust-lang/crates.io-index"
checksum = "a89322df9ebe1c1578d689c92318e070967d1042b512afbe49518723f4e6d5cd"

[[package]]
name = "plotters"
version = "0.3.7"
source = "registry+https://github.com/rust-lang/crates.io-index"
checksum = "5aeb6f403d7a4911efb1e33402027fc44f29b5bf6def3effcc22d7bb75f2b747"
dependencies = [
 "num-traits",
 "plotters-backend",
 "plotters-svg",
 "wasm-bindgen",
 "web-sys",
]

[[package]]
name = "plotters-backend"
version = "0.3.7"
source = "registry+https://github.com/rust-lang/crates.io-index"
checksum = "df42e13c12958a16b3f7f4386b9ab1f3e7933914ecea48da7139435263a4172a"

[[package]]
name = "plotters-svg"
version = "0.3.7"
source = "registry+https://github.com/rust-lang/crates.io-index"
checksum = "51bae2ac328883f7acdfea3d66a7c35751187f870bc81f94563733a154d7a670"
dependencies = [
 "plotters-backend",
]

[[package]]
name = "portable-atomic"
version = "1.13.1"
source = "registry+https://github.com/rust-lang/crates.io-index"
checksum = "c33a9471896f1c69cecef8d20cbe2f7accd12527ce60845ff44c153bb2a21b49"

[[package]]
name = "portable-atomic-util"
version = "0.2.7"
source = "registry+https://github.com/rust-lang/crates.io-index"
checksum = "c2a106d1259c23fac8e543272398ae0e3c0b8d33c88ed73d0cc71b0f1d902618"
dependencies = [
 "portable-atomic",
]

[[package]]
name = "potential_utf"
version = "0.1.5"
source = "registry+https://github.com/rust-lang/crates.io-index"
checksum = "0103b1cef7ec0cf76490e969665504990193874ea05c85ff9bab8b911d0a0564"
dependencies = [
 "zerovec",
]

[[package]]
name = "powerfmt"
version = "0.2.0"
source = "registry+https://github.com/rust-lang/crates.io-index"
checksum = "439ee305def115ba05938db6eb1644ff94165c5ab5e9420d1c1bcedbba909391"

[[package]]
name = "predicates"
version = "3.1.4"
source = "registry+https://github.com/rust-lang/crates.io-index"
checksum = "ada8f2932f28a27ee7b70dd6c1c39ea0675c55a36879ab92f3a715eaa1e63cfe"
dependencies = [
 "anstyle",
 "difflib",
 "float-cmp",
 "normalize-line-endings",
 "predicates-core",
 "regex",
]

[[package]]
name = "predicates-core"
version = "1.0.10"
source = "registry+https://github.com/rust-lang/crates.io-index"
checksum = "cad38746f3166b4031b1a0d39ad9f954dd291e7854fcc0eed52ee41a0b50d144"

[[package]]
name = "predicates-tree"
version = "1.0.13"
source = "registry+https://github.com/rust-lang/crates.io-index"
checksum = "d0de1b847b39c8131db0467e9df1ff60e6d0562ab8e9a16e568ad0fdb372e2f2"
dependencies = [
 "predicates-core",
 "termtree",
]

[[package]]
name = "pretty_assertions"
version = "1.4.1"
source = "registry+https://github.com/rust-lang/crates.io-index"
checksum = "3ae130e2f271fbc2ac3a40fb1d07180839cdbbe443c7a27e1e3c13c5cac0116d"
dependencies = [
 "diff",
 "yansi",
]

[[package]]
name = "proc-macro-error-attr2"
version = "2.0.0"
source = "registry+https://github.com/rust-lang/crates.io-index"
checksum = "96de42df36bb9bba5542fe9f1a054b8cc87e172759a1868aa05c1f3acc89dfc5"
dependencies = [
 "proc-macro2",
 "quote",
]

[[package]]
name = "proc-macro-error2"
version = "2.0.1"
source = "registry+https://github.com/rust-lang/crates.io-index"
checksum = "11ec05c52be0a07b08061f7dd003e7d7092e0472bc731b4af7bb1ef876109802"
dependencies = [
 "proc-macro-error-attr2",
 "proc-macro2",
 "quote",
 "syn 2.0.118",
]

[[package]]
name = "proc-macro2"
version = "1.0.106"
source = "registry+https://github.com/rust-lang/crates.io-index"
checksum = "8fd00f0bb2e90d81d1044c2b32617f68fcb9fa3bb7640c23e9c748e53fb30934"
dependencies = [
 "unicode-ident",
]

[[package]]
name = "quote"
version = "1.0.45"
source = "registry+https://github.com/rust-lang/crates.io-index"
checksum = "41f2619966050689382d2b44f664f4bc593e129785a36d6ee376ddf37259b924"
dependencies = [
 "proc-macro2",
]

[[package]]
name = "r-efi"
version = "6.0.0"
source = "registry+https://github.com/rust-lang/crates.io-index"
checksum = "f8dcc9c7d52a811697d2151c701e0d08956f92b0e24136cf4cf27b57a6a0d9bf"

[[package]]
name = "rayon"
version = "1.12.0"
source = "registry+https://github.com/rust-lang/crates.io-index"
checksum = "fb39b166781f92d482534ef4b4b1b2568f42613b53e5b6c160e24cfbfa30926d"
dependencies = [
 "either",
 "rayon-core",
]

[[package]]
name = "rayon-core"
version = "1.13.0"
source = "registry+https://github.com/rust-lang/crates.io-index"
checksum = "22e18b0f0062d30d4230b2e85ff77fdfe4326feb054b9783a3460d8435c8ab91"
dependencies = [
 "crossbeam-deque",
 "crossbeam-utils",
]

[[package]]
name = "regex"
version = "1.13.1"
source = "registry+https://github.com/rust-lang/crates.io-index"
checksum = "f020237b6c8eed93db2e2cb53c00c60a8e1bc73da7d073199a1180401450218d"
dependencies = [
 "aho-corasick",
 "memchr",
 "regex-automata",
 "regex-syntax",
]

[[package]]
name = "regex-automata"
version = "0.4.16"
source = "registry+https://github.com/rust-lang/crates.io-index"
checksum = "8fcfdb36bda0c880c5931cdc7a2bcdc8ba4556847b9d912bca70bc94708711ad"
dependencies = [
 "aho-corasick",
 "memchr",
 "regex-syntax",
]

[[package]]
name = "regex-syntax"
version = "0.8.11"
source = "registry+https://github.com/rust-lang/crates.io-index"
checksum = "d6f6ff9a378485b298a5286656da665ba74413d36db0979633275d2e708145d4"

[[package]]
name = "rustix"
version = "1.1.4"
source = "registry+https://github.com/rust-lang/crates.io-index"
checksum = "b6fe4565b9518b83ef4f91bb47ce29620ca828bd32cb7e408f0062e9930ba190"
dependencies = [
 "bitflags 2.13.0",
 "errno",
 "libc",
 "linux-raw-sys",
 "windows-sys",
]

[[package]]
name = "rustversion"
version = "1.0.22"
source = "registry+https://github.com/rust-lang/crates.io-index"
checksum = "b39cdef0fa800fc44525c84ccb54a029961a8215f9619753635a9c0d2538d46d"

[[package]]
name = "same-file"
version = "1.0.6"
source = "registry+https://github.com/rust-lang/crates.io-index"
checksum = "93fc1dc3aaa9bfed95e02e6eadabb4baf7e3078b0bd1b4d7b6b0b68378900502"
dependencies = [
 "winapi-util",
]

[[package]]
name = "serde"
version = "1.0.228"
source = "registry+https://github.com/rust-lang/crates.io-index"
checksum = "9a8e94ea7f378bd32cbbd37198a4a91436180c5bb472411e48b5ec2e2124ae9e"
dependencies = [
 "serde_core",
 "serde_derive",
]

[[package]]
name = "serde_core"
version = "1.0.228"
source = "registry+https://github.com/rust-lang/crates.io-index"
checksum = "41d385c7d4ca58e59fc732af25c3983b67ac852c1a25000afe1175de458b67ad"
dependencies = [
 "serde_derive",
]

[[package]]
name = "serde_derive"
version = "1.0.228"
source = "registry+https://github.com/rust-lang/crates.io-index"
checksum = "d540f220d3187173da220f885ab66608367b6574e925011a9353e4badda91d79"
dependencies = [
 "proc-macro2",
 "quote",
 "syn 2.0.118",
]

[[package]]
name = "serde_json"
version = "1.0.150"
source = "registry+https://github.com/rust-lang/crates.io-index"
checksum = "e8014e44b4736ed0538adeecded0fce2a272f22dc9578a7eb6b2d9993c74cfb9"
dependencies = [
 "itoa",
 "memchr",
 "serde",
 "serde_core",
 "zmij",
]

[[package]]
name = "shlex"
version = "2.0.1"
source = "registry+https://github.com/rust-lang/crates.io-index"
checksum = "f8fadd59c855ef2080decdef8ff161eb6661b86933c9d82e5ba29dc602a55aba"

[[package]]
name = "sitemap-gen"
version = "0.0.5"
dependencies = [
 "assert_fs",
 "clap",
 "criterion",
 "dtt",
 "env_logger",
 "euxis-commons",
 "indicatif",
 "lazy_static",
 "log",
 "predicates",
 "pretty_assertions",
 "regex",
 "tempfile",
 "thiserror",
 "time",
 "url",
 "version_check",
 "xml-rs",
]

[[package]]
name = "slab"
version = "0.4.12"
source = "registry+https://github.com/rust-lang/crates.io-index"
checksum = "0c790de23124f9ab44544d7ac05d60440adc586479ce501c1d6d7da3cd8c9cf5"

[[package]]
name = "smallvec"
version = "1.15.2"
source = "registry+https://github.com/rust-lang/crates.io-index"
checksum = "8ed6a63f02c8539c91a8685a86f4099661ba3da017932f6ebbea6de3f0fa7c90"

[[package]]
name = "stable_deref_trait"
version = "1.2.1"
source = "registry+https://github.com/rust-lang/crates.io-index"
checksum = "6ce2be8dc25455e1f91df71bfa12ad37d7af1092ae736f3a6cd0e37bc7810596"

[[package]]
name = "strsim"
version = "0.11.1"
source = "registry+https://github.com/rust-lang/crates.io-index"
checksum = "7da8b5736845d9f2fcb837ea5d9e2628564b3b043a70948a3f0b778838c5fb4f"

[[package]]
name = "syn"
version = "2.0.118"
source = "registry+https://github.com/rust-lang/crates.io-index"
checksum = "1b9ae57f904213ebb649ce6895b8a66c66f0203b9319718f69a5612a065b1422"
dependencies = [
 "proc-macro2",
 "quote",
 "unicode-ident",
]

[[package]]
name = "syn"
version = "3.0.3"
source = "registry+https://github.com/rust-lang/crates.io-index"
checksum = "53e9bae58849f64dfa4f5d5ae372c8341f7305f82a3868709269343628b659a3"
dependencies = [
 "proc-macro2",
 "quote",
 "unicode-ident",
]

[[package]]
name = "synstructure"
version = "0.13.2"
source = "registry+https://github.com/rust-lang/crates.io-index"
checksum = "728a70f3dbaf5bab7f0c4b1ac8d7ae5ea60a4b5549c8a5914361c99147a709d2"
dependencies = [
 "proc-macro2",
 "quote",
 "syn 2.0.118",
]

[[package]]
name = "tempfile"
version = "3.27.0"
source = "registry+https://github.com/rust-lang/crates.io-index"
checksum = "32497e9a4c7b38532efcdebeef879707aa9f794296a4f0244f6f69e9bc8574bd"
dependencies = [
 "fastrand",
 "getrandom",
 "once_cell",
 "rustix",
 "windows-sys",
]

[[package]]
name = "termtree"
version = "0.5.1"
source = "registry+https://github.com/rust-lang/crates.io-index"
checksum = "8f50febec83f5ee1df3015341d8bd429f2d1cc62bcba7ea2076759d315084683"

[[package]]
name = "thiserror"
version = "2.0.20"
source = "registry+https://github.com/rust-lang/crates.io-index"
checksum = "ec86235f5fcc2a73650310756d2ac5b138a5780bbbdfae3eeccec992c435ba4f"
dependencies = [
 "thiserror-impl",
]

[[package]]
name = "thiserror-impl"
version = "2.0.20"
source = "registry+https://github.com/rust-lang/crates.io-index"
checksum = "bc04cd3e1236dd4a98afca4569f2deb3f120e5422a4023be2cb683f8486292af"
dependencies = [
 "proc-macro2",
 "quote",
 "syn 3.0.3",
]

[[package]]
name = "time"
version = "0.3.55"
source = "registry+https://github.com/rust-lang/crates.io-index"
checksum = "cdb87b95ec50ddfa440816d227a17b2ccbdda963a316a727fda0fc4334f7d134"
dependencies = [
 "deranged",
 "num-conv",
 "powerfmt",
 "serde_core",
 "time-core",
 "time-macros",
]

[[package]]
name = "time-core"
version = "0.1.9"
source = "registry+https://github.com/rust-lang/crates.io-index"
checksum = "9e1c906769ad99c88eaa54e728060edef082f8e358ff32030cb7c7d315e81109"

[[package]]
name = "time-macros"
version = "0.2.32"
source = "registry+https://github.com/rust-lang/crates.io-index"
checksum = "7e689342a48d2ea927c87ea50cabf8594854bf940e9310208848d680d668ed85"
dependencies = [
 "num-conv",
 "time-core",
]

[[package]]
name = "tinystr"
version = "0.8.3"
source = "registry+https://github.com/rust-lang/crates.io-index"
checksum = "c8323304221c2a851516f22236c5722a72eaa19749016521d6dff0824447d96d"
dependencies = [
 "displaydoc",
 "zerovec",
]

[[package]]
name = "tinytemplate"
version = "1.2.1"
source = "registry+https://github.com/rust-lang/crates.io-index"
checksum = "be4d6b5f19ff7664e8c98d03e2139cb510db9b0a60b55f8e8709b689d939b6bc"
dependencies = [
 "serde",
 "serde_json",
]

[[package]]
name = "unicode-ident"
version = "1.0.24"
source = "registry+https://github.com/rust-lang/crates.io-index"
checksum = "e6e4313cd5fcd3dad5cafa179702e2b244f760991f45397d14d4ebf38247da75"

[[package]]
name = "unicode-width"
version = "0.2.2"
source = "registry+https://github.com/rust-lang/crates.io-index"
checksum = "b4ac048d71ede7ee76d585517add45da530660ef4390e49b098733c6e897f254"

[[package]]
name = "unit-prefix"
version = "0.5.2"
source = "registry+https://github.com/rust-lang/crates.io-index"
checksum = "81e544489bf3d8ef66c953931f56617f423cd4b5494be343d9b9d3dda037b9a3"

[[package]]
name = "url"
version = "2.5.8"
source = "registry+https://github.com/rust-lang/crates.io-index"
checksum = "ff67a8a4397373c3ef660812acab3268222035010ab8680ec4215f38ba3d0eed"
dependencies = [
 "form_urlencoded",
 "idna",
 "percent-encoding",
 "serde",
]

[[package]]
name = "utf8_iter"
version = "1.0.4"
source = "registry+https://github.com/rust-lang/crates.io-index"
checksum = "b6c140620e7ffbb22c2dee59cafe6084a59b5ffc27a8859a5f0d494b5d52b6be"

[[package]]
name = "utf8parse"
version = "0.2.2"
source = "registry+https://github.com/rust-lang/crates.io-index"
checksum = "06abde3611657adf66d383f00b093d7faecc7fa57071cce2578660c9f1010821"

[[package]]
name = "version_check"
version = "0.9.5"
source = "registry+https://github.com/rust-lang/crates.io-index"
checksum = "0b928f33d975fc6ad9f86c8f283853ad26bdd5b10b7f1542aa2fa15e2289105a"

[[package]]
name = "walkdir"
version = "2.5.0"
source = "registry+https://github.com/rust-lang/crates.io-index"
checksum = "29790946404f91d9c5d06f9874efddea1dc06c5efe94541a7d6863108e3a5e4b"
dependencies = [
 "same-file",
 "winapi-util",
]

[[package]]
name = "wasm-bindgen"
version = "0.2.125"
source = "registry+https://github.com/rust-lang/crates.io-index"
checksum = "8ddb3f79143bced6de84270411622a2699cee572fc0875aeaf1e7867cf9fca1a"
dependencies = [
 "cfg-if",
 "once_cell",
 "rustversion",
 "wasm-bindgen-macro",
 "wasm-bindgen-shared",
]

[[package]]
name = "wasm-bindgen-macro"
version = "0.2.125"
source = "registry+https://github.com/rust-lang/crates.io-index"
checksum = "4e21a184b13fb19e157296e2c46056aec9092264fab83e4ba59e68c61b323c3d"
dependencies = [
 "quote",
 "wasm-bindgen-macro-support",
]

[[package]]
name = "wasm-bindgen-macro-support"
version = "0.2.125"
source = "registry+https://github.com/rust-lang/crates.io-index"
checksum = "fecefd9c35bd935a20fc3fc344b5f29138961e4f47fb03297d88f2587afb5ebd"
dependencies = [
 "bumpalo",
 "proc-macro2",
 "quote",
 "syn 2.0.118",
 "wasm-bindgen-shared",
]

[[package]]
name = "wasm-bindgen-shared"
version = "0.2.125"
source = "registry+https://github.com/rust-lang/crates.io-index"
checksum = "23939e44bb9a5d7576fa2b563dc2e136628f1224e88a8deed09e04858b77871f"
dependencies = [
 "unicode-ident",
]

[[package]]
name = "web-sys"
version = "0.3.102"
source = "registry+https://github.com/rust-lang/crates.io-index"
checksum = "a6430a72df5eb332242960fe84b3002a241163998241eb596d4f739b9757061d"
dependencies = [
 "js-sys",
 "wasm-bindgen",
]

[[package]]
name = "web-time"
version = "1.1.0"
source = "registry+https://github.com/rust-lang/crates.io-index"
checksum = "5a6580f308b1fad9207618087a65c04e7a10bc77e02c8e84e9b00dd4b12fa0bb"
dependencies = [
 "js-sys",
 "wasm-bindgen",
]

[[package]]
name = "winapi"
version = "0.3.9"
source = "registry+https://github.com/rust-lang/crates.io-index"
checksum = "5c839a674fcd7a98952e593242ea400abe93992746761e38641405d28b00f419"
dependencies = [
 "winapi-i686-pc-windows-gnu",
 "winapi-x86_64-pc-windows-gnu",
]

[[package]]
name = "winapi-i686-pc-windows-gnu"
version = "0.4.0"
source = "registry+https://github.com/rust-lang/crates.io-index"
checksum = "ac3b87c63620426dd9b991e5ce0329eff545bccbbb34f3be09ff6fb6ab51b7b6"

[[package]]
name = "winapi-util"
version = "0.1.11"
source = "registry+https://github.com/rust-lang/crates.io-index"
checksum = "c2a7b1c03c876122aa43f3020e6c3c3ee5c05081c9a00739faf7503aeba10d22"
dependencies = [
 "windows-sys",
]

[[package]]
name = "winapi-x86_64-pc-windows-gnu"
version = "0.4.0"
source = "registry+https://github.com/rust-lang/crates.io-index"
checksum = "712e227841d057c1ee1cd2fb22fa7e5a5461ae8e48fa2ca79ec42cfc1931183f"

[[package]]
name = "windows-link"
version = "0.2.1"
source = "registry+https://github.com/rust-lang/crates.io-index"
checksum = "f0805222e57f7521d6a62e36fa9163bc891acd422f971defe97d64e70d0a4fe5"

[[package]]
name = "windows-sys"
version = "0.61.2"
source = "registry+https://github.com/rust-lang/crates.io-index"
checksum = "ae137229bcbd6cdf0f7b80a31df61766145077ddf49416a728b02cb3921ff3fc"
dependencies = [
 "windows-link",
]

[[package]]
name = "writeable"
version = "0.6.3"
source = "registry+https://github.com/rust-lang/crates.io-index"
checksum = "1ffae5123b2d3fc086436f8834ae3ab053a283cfac8fe0a0b8eaae044768a4c4"

[[package]]
name = "xml"
version = "1.3.0"
source = "registry+https://github.com/rust-lang/crates.io-index"
checksum = "636f85e5ca6488e96401b61eb7de54f4e44755c988af0f52cf90230c312a1a89"

[[package]]
name = "xml-rs"
version = "1.0.0"
source = "registry+https://github.com/rust-lang/crates.io-index"
checksum = "c3a56132a0d6ecbe77352edc10232f788fc4ceefefff4cab784a98e0e16b6b51"
dependencies = [
 "xml",
]

[[package]]
name = "yansi"
version = "1.0.1"
source = "registry+https://github.com/rust-lang/crates.io-index"
checksum = "cfe53a6657fd280eaa890a3bc59152892ffa3e30101319d168b781ed6529b049"

[[package]]
name = "yoke"
version = "0.8.3"
source = "registry+https://github.com/rust-lang/crates.io-index"
checksum = "709fe23a0424b6a435d82152b1bd3fdfb0833487d5fa90d05d42762a9891fef5"
dependencies = [
 "stable_deref_trait",
 "yoke-derive",
 "zerofrom",
]

[[package]]
name = "yoke-derive"
version = "0.8.2"
source = "registry+https://github.com/rust-lang/crates.io-index"
checksum = "de844c262c8848816172cef550288e7dc6c7b7814b4ee56b3e1553f275f1858e"
dependencies = [
 "proc-macro2",
 "quote",
 "syn 2.0.118",
 "synstructure",
]

[[package]]
name = "zerocopy"
version = "0.8.52"
source = "registry+https://github.com/rust-lang/crates.io-index"
checksum = "ce1022995ff5ff5d841ad7d994facc23098cd40152f2c1d11cd607c6f530653f"
dependencies = [
 "zerocopy-derive",
]

[[package]]
name = "zerocopy-derive"
version = "0.8.52"
source = "registry+https://github.com/rust-lang/crates.io-index"
checksum = "1ae7f38b72ec2a254e2b87ef277cf2cd4fb97cbebf944faa6f33354da0867930"
dependencies = [
 "proc-macro2",
 "quote",
 "syn 2.0.118",
]

[[package]]
name = "zerofrom"
version = "0.1.8"
source = "registry+https://github.com/rust-lang/crates.io-index"
checksum = "0ec05a11813ea801ff6d75110ad09cd0824ddba17dfe17128ea0d5f68e6c5272"
dependencies = [
 "zerofrom-derive",
]

[[package]]
name = "zerofrom-derive"
version = "0.1.7"
source = "registry+https://github.com/rust-lang/crates.io-index"
checksum = "11532158c46691caf0f2593ea8358fed6bbf68a0315e80aae9bd41fbade684a1"
dependencies = [
 "proc-macro2",
 "quote",
 "syn 2.0.118",
 "synstructure",
]

[[package]]
name = "zerotrie"
version = "0.2.4"
source = "registry+https://github.com/rust-lang/crates.io-index"
checksum = "0f9152d31db0792fa83f70fb2f83148effb5c1f5b8c7686c3459e361d9bc20bf"
dependencies = [
 "displaydoc",
 "yoke",
 "zerofrom",
]

[[package]]
name = "zerovec"
version = "0.11.6"
source = "registry+https://github.com/rust-lang/crates.io-index"
checksum = "90f911cbc359ab6af17377d242225f4d75119aec87ea711a880987b18cd7b239"
dependencies = [
 "yoke",
 "zerofrom",
 "zerovec-derive",
]

[[package]]
name = "zerovec-derive"
version = "0.11.3"
source = "registry+https://github.com/rust-lang/crates.io-index"
checksum = "625dc425cab0dca6dc3c3319506e6593dcb08a9f387ea3b284dbd52a92c40555"
dependencies = [
 "proc-macro2",
 "quote",
 "syn 2.0.118",
]

[[package]]
name = "zmij"
version = "1.0.21"
source = "registry+https://github.com/rust-lang/crates.io-index"
checksum = "b8848ee67ecc8aedbaf3e4122217aff892639231befc6a1b58d29fff4c2cabaa"
